github.com/getcasa/sdk v0.0.0-20191105095754-6df142bc28a9 h1:l236hjCXqbA6Y3tHFw7IH3xpSsESYW505mUP0tcR4Lo=
github.com/getcasa/sdk v0.0.0-20191105095754-6df142bc28a9/go.mod h1:mjoGAmjNYGGUiTi3/4sEY5+MnOLcnaGV4evYJ6+5o4g=
github.com/getcasa/sdk v0.0.0-20191107110552-2d2e1bdd18ea h1:6M8NeDf7gfOK7RkktzZOABfIVpaWgc+cxd/uceT0Ovc=
github.com/getcasa/sdk v0.0.0-20191107110552-2d2e1bdd18ea/go.mod h1:mjoGAmjNYGGUiTi3/4sEY5+MnOLcnaGV4evYJ6+5o4g=
github.com/getcasa/sdk v0.0.0-20191119095609-3201367a4102 h1:PMFrStwnfGDcpJUeOYYLrGeC00l7sYteVOHeSsaEhyw=
github.com/getcasa/sdk v0.0.0-20191119095609-3201367a4102/go.mod h1:mjoGAmjNYGGUiTi3/4sEY5+MnOLcnaGV4evYJ6+5o4g=
github.com/mattn/go-sqlite3 v1.10.0/go.mod h1:FPy6KqzDD04eiIsT53CuJW3U88zkxoIYsOqkbpncsNc=
