github.com/getcasa/sdk v0.0.0-20190603134752-4b316878fca0 h1:4G8Ok0YhMKXG8gECIBD4EjewKmqCRL6Kp9fcUiCs+/Q=
github.com/getcasa/sdk v0.0.0-20190603134752-4b316878fca0/go.mod h1:mjoGAmjNYGGUiTi3/4sEY5+MnOLcnaGV4evYJ6+5o4g=
github.com/getcasa/sdk v0.0.0-20190923145410-20bbee062dc8 h1:Ssm7BqTzzvdj0ZsvZ2bP8Jpq5JsyzJ6cDW8ytGZtyEE=
github.com/getcasa/sdk v0.0.0-20190923145410-20bbee062dc8/go.mod h1:mjoGAmjNYGGUiTi3/4sEY5+MnOLcnaGV4evYJ6+5o4g=
